<?xml version="1.0" encoding="utf-8"?>
<Project ToolsVersion="4.0" xmlns="http://schemas.microsoft.com/developer/msbuild/2003">
  <ItemGroup>
    <Filter Include="compiler">
      <UniqueIdentifier>{85f99869-3102-42de-a531-1fcfb23345a8}</UniqueIdentifier>
    </Filter>
    <Filter Include="compiler\inst">
      <UniqueIdentifier>{e395d6f2-547c-47fa-8127-b3d65fab37fe}</UniqueIdentifier>
    </Filter>
  </ItemGroup>
  <ItemGroup>
    <ClCompile Include="nop.cpp">
      <Filter>compiler\inst</Filter>
    </ClCompile>
  </ItemGroup>
  <ItemGroup>
    <ClInclude Include="inst_grab.h">
      <Filter>compiler</Filter>
    </ClInclude>
  </ItemGroup>
</Project>